
Microsoft Visual Studio Solution File, Format Version 12.00
# Visual Studio Version 17
VisualStudioVersion = 17.4.33205.214
MinimumVisualStudioVersion = 10.0.40219.1
Project("{9A19103F-16F7-4668-BE54-9A1E7A4F7556}") = "lambda-calculate-cold-start", "lambda-calculate-cold-start.csproj", "{1697FD66-B563-4CFA-BBB6-B22C7517CC17}"
EndProject
Global
	GlobalSection(SolutionConfigurationPlatforms) = preSolution
		Debug|Any CPU = Debug|Any CPU
		Release|Any CPU = Release|Any CPU
	EndGlobalSection
	GlobalSection(ProjectConfigurationPlatforms) = postSolution
		{1697FD66-B563-4CFA-BBB6-B22C7517CC17}.Debug|Any CPU.ActiveCfg = Debug|Any CPU
		{1697FD66-B563-4CFA-BBB6-B22C7517CC17}.Debug|Any CPU.Build.0 = Debug|Any CPU
		{1697FD66-B563-4CFA-BBB6-B22C7517CC17}.Release|Any CPU.ActiveCfg = Release|Any CPU
		{1697FD66-B563-4CFA-BBB6-B22C7517CC17}.Release|Any CPU.Build.0 = Release|Any CPU
	EndGlobalSection
	GlobalSection(SolutionProperties) = preSolution
		HideSolutionNode = FALSE
	EndGlobalSection
	GlobalSection(ExtensibilityGlobals) = postSolution
		SolutionGuid = {680D0139-B8F0-40C6-878D-CFDB9C5E38AC}
	EndGlobalSection
EndGlobal
